
Microsoft Visual Studio Solution File, Format Version 12.00
# Visual Studio Version 17
VisualStudioVersion = 17.14.36221.1
MinimumVisualStudioVersion = 10.0.40219.1
Project("{FAE04EC0-301F-11D3-BF4B-00C04F79EFBC}") = "IOT-BackEnd", "IOT-BackEnd.csproj", "{46B08A91-B394-4AF2-952D-777AC8953FF1}"
EndProject
Global
	GlobalSection(SolutionConfigurationPlatforms) = preSolution
		Debug|Any CPU = Debug|Any CPU
		Release|Any CPU = Release|Any CPU
	EndGlobalSection
	GlobalSection(ProjectConfigurationPlatforms) = postSolution
		{46B08A91-B394-4AF2-952D-777AC8953FF1}.Debug|Any CPU.ActiveCfg = Debug|Any CPU
		{46B08A91-B394-4AF2-952D-777AC8953FF1}.Debug|Any CPU.Build.0 = Debug|Any CPU
		{46B08A91-B394-4AF2-952D-777AC8953FF1}.Release|Any CPU.ActiveCfg = Release|Any CPU
		{46B08A91-B394-4AF2-952D-777AC8953FF1}.Release|Any CPU.Build.0 = Release|Any CPU
	EndGlobalSection
	GlobalSection(SolutionProperties) = preSolution
		HideSolutionNode = FALSE
	EndGlobalSection
	GlobalSection(ExtensibilityGlobals) = postSolution
		SolutionGuid = {3A4D64E5-7A79-40D2-871D-9D8108FFF016}
	EndGlobalSection
EndGlobal
